
Microsoft Visual Studio Solution File, Format Version 10.00
# Visual Studio 2008
Project("{8BC9CEB8-8B4A-11D0-8D11-00A0C91BC942}") = "ImageProcessing", "ImageProcessing.vcproj", "{E4104B74-5B64-40B9-8D9E-ECFA53C28062}"
EndProject
Global
	GlobalSection(SourceCodeControl) = preSolution
		SccNumberOfProjects = 2
		SccLocalPath0 = .
		SccProjectUniqueName1 = ImageProcessing.vcproj
		SccLocalPath1 = .
	EndGlobalSection
	GlobalSection(SolutionConfigurationPlatforms) = preSolution
		Debug|Win32 = Debug|Win32
		Release|Win32 = Release|Win32
	EndGlobalSection
	GlobalSection(ProjectConfigurationPlatforms) = postSolution
		{E4104B74-5B64-40B9-8D9E-ECFA53C28062}.Debug|Win32.ActiveCfg = Debug|Win32
		{E4104B74-5B64-40B9-8D9E-ECFA53C28062}.Debug|Win32.Build.0 = Debug|Win32
		{E4104B74-5B64-40B9-8D9E-ECFA53C28062}.Release|Win32.ActiveCfg = Release|Win32
		{E4104B74-5B64-40B9-8D9E-ECFA53C28062}.Release|Win32.Build.0 = Release|Win32
	EndGlobalSection
	GlobalSection(SolutionProperties) = preSolution
		HideSolutionNode = FALSE
	EndGlobalSection
EndGlobal
